
Microsoft Visual Studio Solution File, Format Version 12.00
# Visual Studio 15
VisualStudioVersion = 15.0.27004.2009
MinimumVisualStudioVersion = 10.0.40219.1
Project("{FAE04EC0-301F-11D3-BF4B-00C04F79EFBC}") = "DataIndexer", "DataIndexer\DataIndexer.csproj", "{93F03001-B08F-4DA7-966E-C1625E3968CB}"
EndProject
Project("{FAE04EC0-301F-11D3-BF4B-00C04F79EFBC}") = "SimpleSearchMVCApp", "SimpleMVCApp\SimpleSearchMVCApp.csproj", "{29A4A411-EF96-42BB-9E10-DE9494991671}"
EndProject
Project("{FAE04EC0-301F-11D3-BF4B-00C04F79EFBC}") = "SearchVsSql", "SearchVsSql\SearchVsSql.csproj", "{9829CF5F-2FFD-4F64-9B73-CD669CC21387}"
EndProject
Project("{2150E333-8FDC-42A3-9474-1A3956D46DE8}") = "Solution Items", "Solution Items", "{9E3C8DC7-8739-4AE3-88B9-A209B3E14B5D}"
	ProjectSection(SolutionItems) = preProject
		..\README.md = ..\README.md
	EndProjectSection
EndProject
Global
	GlobalSection(SolutionConfigurationPlatforms) = preSolution
		Debug|Any CPU = Debug|Any CPU
		Release|Any CPU = Release|Any CPU
	EndGlobalSection
	GlobalSection(ProjectConfigurationPlatforms) = postSolution
		{93F03001-B08F-4DA7-966E-C1625E3968CB}.Debug|Any CPU.ActiveCfg = Debug|Any CPU
		{93F03001-B08F-4DA7-966E-C1625E3968CB}.Debug|Any CPU.Build.0 = Debug|Any CPU
		{93F03001-B08F-4DA7-966E-C1625E3968CB}.Release|Any CPU.ActiveCfg = Release|Any CPU
		{93F03001-B08F-4DA7-966E-C1625E3968CB}.Release|Any CPU.Build.0 = Release|Any CPU
		{29A4A411-EF96-42BB-9E10-DE9494991671}.Debug|Any CPU.ActiveCfg = Debug|Any CPU
		{29A4A411-EF96-42BB-9E10-DE9494991671}.Debug|Any CPU.Build.0 = Debug|Any CPU
		{29A4A411-EF96-42BB-9E10-DE9494991671}.Release|Any CPU.ActiveCfg = Release|Any CPU
		{29A4A411-EF96-42BB-9E10-DE9494991671}.Release|Any CPU.Build.0 = Release|Any CPU
		{9829CF5F-2FFD-4F64-9B73-CD669CC21387}.Debug|Any CPU.ActiveCfg = Debug|Any CPU
		{9829CF5F-2FFD-4F64-9B73-CD669CC21387}.Debug|Any CPU.Build.0 = Debug|Any CPU
		{9829CF5F-2FFD-4F64-9B73-CD669CC21387}.Release|Any CPU.ActiveCfg = Release|Any CPU
		{9829CF5F-2FFD-4F64-9B73-CD669CC21387}.Release|Any CPU.Build.0 = Release|Any CPU
	EndGlobalSection
	GlobalSection(SolutionProperties) = preSolution
		HideSolutionNode = FALSE
	EndGlobalSection
	GlobalSection(ExtensibilityGlobals) = postSolution
		SolutionGuid = {9F627154-6125-4DC5-8CDC-EC414A01E3DD}
	EndGlobalSection
EndGlobal
